{
  "version": 4,
  "terraform_version": "1.5.7",
  "serial": 69,
  "lineage": "63b5bb88-5030-eefc-072d-c92ecfe7c611",
  "outputs": {
    "function_app_principal_id": {
      "value": "0c2c0f6a-3454-4aa5-ad51-cf81f635cc24",
      "type": "string"
    },
    "postgresql_database_name": {
      "value": "neena-core-dev-db",
      "type": "string"
    },
    "postgresql_server_name": {
      "value": "neena-core-dev-psql",
      "type": "string"
    },
    "resource_group_name": {
      "value": "neena-core-dev-rg",
      "type": "string"
    },
    "service_app_principal_id": {
      "value": "bdb33815-4783-44ea-b004-f0d5ab91b409",
      "type": "string"
    }
  },
  "resources": [
    {
      "mode": "managed",
      "type": "azurerm_resource_group",
      "name": "rg",
      "provider": "provider[\"registry.terraform.io/hashicorp/azurerm\"]",
      "instances": [
        {
          "schema_version": 0,
          "attributes": {
            "id": "/subscriptions/1e4ab811-8a78-413b-8273-26a77a6ad8ef/resourceGroups/neena-core-dev-rg",
            "location": "westeurope",
            "managed_by": "",
            "name": "neena-core-dev-rg",
            "tags": {},
            "timeouts": null
          },
          "sensitive_attributes": [],
          "private": "eyJlMmJmYjczMC1lY2FhLTExZTYtOGY4OC0zNDM2M2JjN2M0YzAiOnsiY3JlYXRlIjo1NDAwMDAwMDAwMDAwLCJkZWxldGUiOjU0MDAwMDAwMDAwMDAsInJlYWQiOjMwMDAwMDAwMDAwMCwidXBkYXRlIjo1NDAwMDAwMDAwMDAwfX0="
        }
      ]
    },
    {
      "module": "module.application_insights",
      "mode": "managed",
      "type": "azurerm_application_insights",
      "name": "appinsights",
      "provider": "provider[\"registry.terraform.io/hashicorp/azurerm\"]",
      "instances": [
        {
          "schema_version": 1,
          "attributes": {
            "app_id": "1f5f38ef-1620-46a7-8d15-8c92f7ab6180",
            "application_type": "web",
            "connection_string": "InstrumentationKey=9ce6e12c-e9ca-4d53-bf62-1409d770f4bb;IngestionEndpoint=https://westeurope-1.in.applicationinsights.azure.com/;LiveEndpoint=https://westeurope.livediagnostics.monitor.azure.com/",
            "daily_data_cap_in_gb": 100,
            "daily_data_cap_notifications_disabled": false,
            "disable_ip_masking": false,
            "force_customer_storage_for_profiler": false,
            "id": "/subscriptions/1e4ab811-8a78-413b-8273-26a77a6ad8ef/resourceGroups/neena-core-dev-rg/providers/Microsoft.Insights/components/neena-core-dev-ai",
            "instrumentation_key": "9ce6e12c-e9ca-4d53-bf62-1409d770f4bb",
            "internet_ingestion_enabled": true,
            "internet_query_enabled": true,
            "local_authentication_disabled": false,
            "location": "westeurope",
            "name": "neena-core-dev-ai",
            "resource_group_name": "neena-core-dev-rg",
            "retention_in_days": 90,
            "sampling_percentage": 100,
            "tags": {},
            "timeouts": null,
            "workspace_id": ""
          },
          "sensitive_attributes": [],
          "private": "eyJlMmJmYjczMC1lY2FhLTExZTYtOGY4OC0zNDM2M2JjN2M0YzAiOnsiY3JlYXRlIjozNjAwMDAwMDAwMDAwLCJkZWxldGUiOjE4MDAwMDAwMDAwMDAsInJlYWQiOjMwMDAwMDAwMDAwMCwidXBkYXRlIjoxODAwMDAwMDAwMDAwfSwic2NoZW1hX3ZlcnNpb24iOiIxIn0=",
          "dependencies": [
            "azurerm_resource_group.rg"
          ]
        }
      ]
    },
    {
      "module": "module.function_app",
      "mode": "managed",
      "type": "azurerm_app_service_plan",
      "name": "funcapp_plan",
      "provider": "provider[\"registry.terraform.io/hashicorp/azurerm\"]",
      "instances": [
        {
          "schema_version": 0,
          "attributes": {
            "app_service_environment_id": "",
            "id": "/subscriptions/1e4ab811-8a78-413b-8273-26a77a6ad8ef/resourceGroups/neena-core-dev-rg/providers/Microsoft.Web/serverfarms/neena-core-dev-func",
            "is_xenon": false,
            "kind": "FunctionApp",
            "location": "westeurope",
            "maximum_elastic_worker_count": 1,
            "maximum_number_of_workers": 10,
            "name": "neena-core-dev-func",
            "per_site_scaling": false,
            "reserved": false,
            "resource_group_name": "neena-core-dev-rg",
            "sku": [
              {
                "capacity": 1,
                "size": "S1",
                "tier": "Standard"
              }
            ],
            "tags": {},
            "timeouts": null,
            "zone_redundant": false
          },
          "sensitive_attributes": [],
          "private": "eyJlMmJmYjczMC1lY2FhLTExZTYtOGY4OC0zNDM2M2JjN2M0YzAiOnsiY3JlYXRlIjozNjAwMDAwMDAwMDAwLCJkZWxldGUiOjM2MDAwMDAwMDAwMDAsInJlYWQiOjMwMDAwMDAwMDAwMCwidXBkYXRlIjozNjAwMDAwMDAwMDAwfX0=",
          "dependencies": [
            "azurerm_resource_group.rg"
          ]
        }
      ]
    },
    {
      "module": "module.function_app",
      "mode": "managed",
      "type": "azurerm_function_app",
      "name": "funcapp",
      "provider": "provider[\"registry.terraform.io/hashicorp/azurerm\"]",
      "instances": [
        {
          "schema_version": 0,
          "attributes": {
            "app_service_plan_id": "/subscriptions/1e4ab811-8a78-413b-8273-26a77a6ad8ef/resourceGroups/neena-core-dev-rg/providers/Microsoft.Web/serverfarms/neena-core-dev-func",
            "app_settings": {},
            "auth_settings": [
              {
                "active_directory": [],
                "additional_login_params": {},
                "allowed_external_redirect_urls": [],
                "default_provider": "",
                "enabled": false,
                "facebook": [],
                "google": [],
                "issuer": "",
                "microsoft": [],
                "runtime_version": "",
                "token_refresh_extension_hours": 0,
                "token_store_enabled": false,
                "twitter": [],
                "unauthenticated_client_action": ""
              }
            ],
            "client_cert_mode": "",
            "connection_string": [],
            "custom_domain_verification_id": "4108E782A71D07CB85D2D1C06D3D2E13A253F9844F8D45B9AA1768CAD3676BC2",
            "daily_memory_time_quota": 0,
            "default_hostname": "neena-core-dev-func.azurewebsites.net",
            "enable_builtin_logging": true,
            "enabled": true,
            "https_only": false,
            "id": "/subscriptions/1e4ab811-8a78-413b-8273-26a77a6ad8ef/resourceGroups/neena-core-dev-rg/providers/Microsoft.Web/sites/neena-core-dev-func",
            "identity": [
              {
                "identity_ids": null,
                "principal_id": "0c2c0f6a-3454-4aa5-ad51-cf81f635cc24",
                "tenant_id": "3468fb09-8781-4717-9e95-d5e3f4c8bc44",
                "type": "SystemAssigned"
              }
            ],
            "key_vault_reference_identity_id": "SystemAssigned",
            "kind": "functionapp",
            "location": "westeurope",
            "name": "neena-core-dev-func",
            "os_type": "",
            "outbound_ip_addresses": "51.124.88.159,20.50.253.190,20.50.254.255,52.143.5.71,20.50.255.137,20.50.255.176,20.50.2.13",
            "possible_outbound_ip_addresses": "51.124.88.159,20.50.253.190,20.50.254.255,52.143.5.71,20.50.255.137,20.50.255.176,52.143.5.148,20.50.255.211,20.54.216.1,20.54.216.113,20.54.216.236,20.54.216.244,20.54.217.89,20.54.217.102,20.54.217.162,20.50.255.109,20.54.217.184,20.54.217.197,20.54.218.36,20.54.218.66,51.124.139.38,20.54.218.71,20.54.218.104,52.143.0.117,20.54.218.240,20.54.219.47,20.54.219.75,20.76.10.82,20.76.10.95,20.76.10.139,20.50.2.13",
            "resource_group_name": "neena-core-dev-rg",
            "site_config": [
              {
                "always_on": false,
                "app_scale_limit": 0,
                "auto_swap_slot_name": "",
                "cors": [],
                "dotnet_framework_version": "v4.0",
                "elastic_instance_minimum": 0,
                "ftps_state": "FtpsOnly",
                "health_check_path": "",
                "http2_enabled": false,
                "ip_restriction": [],
                "java_version": "",
                "linux_fx_version": "",
                "min_tls_version": "1.2",
                "pre_warmed_instance_count": 0,
                "runtime_scale_monitoring_enabled": false,
                "scm_ip_restriction": [],
                "scm_type": "None",
                "scm_use_main_ip_restriction": false,
                "use_32_bit_worker_process": true,
                "vnet_route_all_enabled": false,
                "websockets_enabled": false
              }
            ],
            "site_credential": [
              {
                "password": "hNGXdGtuFAAHpvvg4oTJ7ydj6lTv0crN2EwfkMPBQCwzbNkdtWPqrAThzlPt",
                "username": "$neena-core-dev-func"
              }
            ],
            "source_control": [
              {
                "branch": "main",
                "manual_integration": false,
                "repo_url": "",
                "rollback_enabled": false,
                "use_mercurial": false
              }
            ],
            "storage_account_access_key": "3Divqvl/gEDmyfBztAfSPBpo+PRhK9BoH4pOn2YNWa36H4kR6OHcEjAMXSRymh9UF+lkLrUl4UkZ+ASt9FL8dQ==",
            "storage_account_name": "neenacoredevfuncst",
            "tags": null,
            "timeouts": null,
            "version": "~3"
          },
          "sensitive_attributes": [
            [
              {
                "type": "get_attr",
                "value": "storage_account_access_key"
              }
            ]
          ],
          "private": "eyJlMmJmYjczMC1lY2FhLTExZTYtOGY4OC0zNDM2M2JjN2M0YzAiOnsiY3JlYXRlIjoxODAwMDAwMDAwMDAwLCJkZWxldGUiOjE4MDAwMDAwMDAwMDAsInJlYWQiOjMwMDAwMDAwMDAwMCwidXBkYXRlIjoxODAwMDAwMDAwMDAwfX0=",
          "dependencies": [
            "azurerm_resource_group.rg",
            "module.function_app.azurerm_app_service_plan.funcapp_plan",
            "module.function_app.azurerm_storage_account.funcapp_storage"
          ]
        }
      ]
    },
    {
      "module": "module.function_app",
      "mode": "managed",
      "type": "azurerm_monitor_diagnostic_setting",
      "name": "law",
      "provider": "provider[\"registry.terraform.io/hashicorp/azurerm\"]",
      "instances": [
        {
          "schema_version": 0,
          "attributes": {
            "enabled_log": [
              {
                "category": "FunctionAppLogs",
                "category_group": "",
                "retention_policy": []
              }
            ],
            "eventhub_authorization_rule_id": "",
            "eventhub_name": "",
            "id": "/subscriptions/1e4ab811-8a78-413b-8273-26a77a6ad8ef/resourceGroups/neena-core-dev-rg/providers/Microsoft.Web/sites/neena-core-dev-func|neena-core-dev-func-diagnostics",
            "log": [
              {
                "category": "FunctionAppLogs",
                "category_group": "",
                "enabled": true,
                "retention_policy": [
                  {
                    "days": 0,
                    "enabled": false
                  }
                ]
              }
            ],
            "log_analytics_destination_type": "",
            "log_analytics_workspace_id": "/subscriptions/1e4ab811-8a78-413b-8273-26a77a6ad8ef/resourceGroups/neena-core-dev-rg/providers/Microsoft.OperationalInsights/workspaces/neena-core-dev-log",
            "metric": [
              {
                "category": "AllMetrics",
                "enabled": true,
                "retention_policy": []
              }
            ],
            "name": "neena-core-dev-func-diagnostics",
            "partner_solution_id": null,
            "storage_account_id": null,
            "target_resource_id": "/subscriptions/1e4ab811-8a78-413b-8273-26a77a6ad8ef/resourceGroups/neena-core-dev-rg/providers/Microsoft.Web/sites/neena-core-dev-func",
            "timeouts": null
          },
          "sensitive_attributes": [],
          "private": "eyJlMmJmYjczMC1lY2FhLTExZTYtOGY4OC0zNDM2M2JjN2M0YzAiOnsiY3JlYXRlIjoxODAwMDAwMDAwMDAwLCJkZWxldGUiOjM2MDAwMDAwMDAwMDAsInJlYWQiOjMwMDAwMDAwMDAwMCwidXBkYXRlIjoxODAwMDAwMDAwMDAwfX0=",
          "dependencies": [
            "azurerm_resource_group.rg",
            "module.function_app.azurerm_app_service_plan.funcapp_plan",
            "module.function_app.azurerm_function_app.funcapp",
            "module.function_app.azurerm_storage_account.funcapp_storage",
            "module.log_analytics_workspace.azurerm_log_analytics_workspace.law"
          ]
        }
      ]
    },
    {
      "module": "module.function_app",
      "mode": "managed",
      "type": "azurerm_role_assignment",
      "name": "func_sami_role",
      "provider": "provider[\"registry.terraform.io/hashicorp/azurerm\"]",
      "instances": [
        {
          "schema_version": 0,
          "attributes": {
            "condition": "",
            "condition_version": "",
            "delegated_managed_identity_resource_id": "",
            "description": "",
            "id": "/subscriptions/1e4ab811-8a78-413b-8273-26a77a6ad8ef/resourceGroups/neena-core-dev-rg/providers/Microsoft.Web/sites/neena-core-dev-func/providers/Microsoft.Authorization/roleAssignments/61e88c5b-4570-e2f2-fcf2-153d44954c46",
            "name": "61e88c5b-4570-e2f2-fcf2-153d44954c46",
            "principal_id": "0c2c0f6a-3454-4aa5-ad51-cf81f635cc24",
            "principal_type": "ServicePrincipal",
            "role_definition_id": "/subscriptions/1e4ab811-8a78-413b-8273-26a77a6ad8ef/providers/Microsoft.Authorization/roleDefinitions/b24988ac-6180-42a0-ab88-20f7382dd24c",
            "role_definition_name": "Contributor",
            "scope": "/subscriptions/1e4ab811-8a78-413b-8273-26a77a6ad8ef/resourceGroups/neena-core-dev-rg/providers/Microsoft.Web/sites/neena-core-dev-func",
            "skip_service_principal_aad_check": null,
            "timeouts": null
          },
          "sensitive_attributes": [],
          "private": "eyJlMmJmYjczMC1lY2FhLTExZTYtOGY4OC0zNDM2M2JjN2M0YzAiOnsiY3JlYXRlIjoxODAwMDAwMDAwMDAwLCJkZWxldGUiOjE4MDAwMDAwMDAwMDAsInJlYWQiOjMwMDAwMDAwMDAwMH19",
          "dependencies": [
            "azurerm_resource_group.rg",
            "module.function_app.azurerm_app_service_plan.funcapp_plan",
            "module.function_app.azurerm_function_app.funcapp",
            "module.function_app.azurerm_storage_account.funcapp_storage"
          ]
        }
      ]
    },
    {
      "module": "module.function_app",
      "mode": "managed",
      "type": "azurerm_role_assignment",
      "name": "funcapp",
      "provider": "provider[\"registry.terraform.io/hashicorp/azurerm\"]",
      "instances": [
        {
          "schema_version": 0,
          "attributes": {
            "condition": "",
            "condition_version": "",
            "delegated_managed_identity_resource_id": "",
            "description": "",
            "id": "/subscriptions/1e4ab811-8a78-413b-8273-26a77a6ad8ef/resourceGroups/neena-core-dev-rg/providers/Microsoft.Web/sites/neena-core-dev-func/providers/Microsoft.Authorization/roleAssignments/0eb12d86-b1e6-f201-357f-3e529a7785ae",
            "name": "0eb12d86-b1e6-f201-357f-3e529a7785ae",
            "principal_id": "bdb33815-4783-44ea-b004-f0d5ab91b409",
            "principal_type": "ServicePrincipal",
            "role_definition_id": "/subscriptions/1e4ab811-8a78-413b-8273-26a77a6ad8ef/providers/Microsoft.Authorization/roleDefinitions/b24988ac-6180-42a0-ab88-20f7382dd24c",
            "role_definition_name": "Contributor",
            "scope": "/subscriptions/1e4ab811-8a78-413b-8273-26a77a6ad8ef/resourceGroups/neena-core-dev-rg/providers/Microsoft.Web/sites/neena-core-dev-func",
            "skip_service_principal_aad_check": null,
            "timeouts": null
          },
          "sensitive_attributes": [],
          "private": "eyJlMmJmYjczMC1lY2FhLTExZTYtOGY4OC0zNDM2M2JjN2M0YzAiOnsiY3JlYXRlIjoxODAwMDAwMDAwMDAwLCJkZWxldGUiOjE4MDAwMDAwMDAwMDAsInJlYWQiOjMwMDAwMDAwMDAwMH19",
          "dependencies": [
            "azurerm_resource_group.rg",
            "module.function_app.azurerm_app_service_plan.funcapp_plan",
            "module.function_app.azurerm_function_app.funcapp",
            "module.function_app.azurerm_storage_account.funcapp_storage",
            "module.service_app.azurerm_app_service.app_service"
          ]
        }
      ]
    },
    {
      "module": "module.function_app",
      "mode": "managed",
      "type": "azurerm_role_assignment",
      "name": "storage_access",
      "provider": "provider[\"registry.terraform.io/hashicorp/azurerm\"]",
      "instances": [
        {
          "schema_version": 0,
          "attributes": {
            "condition": "",
            "condition_version": "",
            "delegated_managed_identity_resource_id": "",
            "description": "",
            "id": "/subscriptions/1e4ab811-8a78-413b-8273-26a77a6ad8ef/resourceGroups/neena-core-dev-rg/providers/Microsoft.Storage/storageAccounts/neenacoredevfuncst/providers/Microsoft.Authorization/roleAssignments/0988627c-4f64-371d-9f5b-b5d9edf16037",
            "name": "0988627c-4f64-371d-9f5b-b5d9edf16037",
            "principal_id": "0c2c0f6a-3454-4aa5-ad51-cf81f635cc24",
            "principal_type": "ServicePrincipal",
            "role_definition_id": "/subscriptions/1e4ab811-8a78-413b-8273-26a77a6ad8ef/providers/Microsoft.Authorization/roleDefinitions/ba92f5b4-2d11-453d-a403-e96b0029c9fe",
            "role_definition_name": "Storage Blob Data Contributor",
            "scope": "/subscriptions/1e4ab811-8a78-413b-8273-26a77a6ad8ef/resourceGroups/neena-core-dev-rg/providers/Microsoft.Storage/storageAccounts/neenacoredevfuncst",
            "skip_service_principal_aad_check": null,
            "timeouts": null
          },
          "sensitive_attributes": [],
          "private": "eyJlMmJmYjczMC1lY2FhLTExZTYtOGY4OC0zNDM2M2JjN2M0YzAiOnsiY3JlYXRlIjoxODAwMDAwMDAwMDAwLCJkZWxldGUiOjE4MDAwMDAwMDAwMDAsInJlYWQiOjMwMDAwMDAwMDAwMH19",
          "dependencies": [
            "azurerm_resource_group.rg",
            "module.function_app.azurerm_app_service_plan.funcapp_plan",
            "module.function_app.azurerm_function_app.funcapp",
            "module.function_app.azurerm_storage_account.funcapp_storage"
          ]
        }
      ]
    },
    {
      "module": "module.function_app",
      "mode": "managed",
      "type": "azurerm_storage_account",
      "name": "funcapp_storage",
      "provider": "provider[\"registry.terraform.io/hashicorp/azurerm\"]",
      "instances": [
        {
          "schema_version": 4,
          "attributes": {
            "access_tier": "Hot",
            "account_kind": "StorageV2",
            "account_replication_type": "LRS",
            "account_tier": "Standard",
            "allow_nested_items_to_be_public": true,
            "allowed_copy_scope": "",
            "azure_files_authentication": [],
            "blob_properties": [
              {
                "change_feed_enabled": false,
                "change_feed_retention_in_days": 0,
                "container_delete_retention_policy": [],
                "cors_rule": [],
                "default_service_version": "",
                "delete_retention_policy": [],
                "last_access_time_enabled": false,
                "restore_policy": [],
                "versioning_enabled": false
              }
            ],
            "cross_tenant_replication_enabled": true,
            "custom_domain": [],
            "customer_managed_key": [],
            "default_to_oauth_authentication": false,
            "edge_zone": "",
            "enable_https_traffic_only": true,
            "id": "/subscriptions/1e4ab811-8a78-413b-8273-26a77a6ad8ef/resourceGroups/neena-core-dev-rg/providers/Microsoft.Storage/storageAccounts/neenacoredevfuncst",
            "identity": [],
            "immutability_policy": [],
            "infrastructure_encryption_enabled": false,
            "is_hns_enabled": false,
            "large_file_share_enabled": null,
            "location": "westeurope",
            "min_tls_version": "TLS1_2",
            "name": "neenacoredevfuncst",
            "network_rules": [
              {
                "bypass": [
                  "AzureServices"
                ],
                "default_action": "Allow",
                "ip_rules": [],
                "private_link_access": [],
                "virtual_network_subnet_ids": []
              }
            ],
            "nfsv3_enabled": false,
            "primary_access_key": "3Divqvl/gEDmyfBztAfSPBpo+PRhK9BoH4pOn2YNWa36H4kR6OHcEjAMXSRymh9UF+lkLrUl4UkZ+ASt9FL8dQ==",
            "primary_blob_connection_string": "DefaultEndpointsProtocol=https;BlobEndpoint=https://neenacoredevfuncst.blob.core.windows.net/;AccountName=neenacoredevfuncst;AccountKey=3Divqvl/gEDmyfBztAfSPBpo+PRhK9BoH4pOn2YNWa36H4kR6OHcEjAMXSRymh9UF+lkLrUl4UkZ+ASt9FL8dQ==",
            "primary_blob_endpoint": "https://neenacoredevfuncst.blob.core.windows.net/",
            "primary_blob_host": "neenacoredevfuncst.blob.core.windows.net",
            "primary_connection_string": "DefaultEndpointsProtocol=https;AccountName=neenacoredevfuncst;AccountKey=3Divqvl/gEDmyfBztAfSPBpo+PRhK9BoH4pOn2YNWa36H4kR6OHcEjAMXSRymh9UF+lkLrUl4UkZ+ASt9FL8dQ==;EndpointSuffix=core.windows.net",
            "primary_dfs_endpoint": "https://neenacoredevfuncst.dfs.core.windows.net/",
            "primary_dfs_host": "neenacoredevfuncst.dfs.core.windows.net",
            "primary_file_endpoint": "https://neenacoredevfuncst.file.core.windows.net/",
            "primary_file_host": "neenacoredevfuncst.file.core.windows.net",
            "primary_location": "westeurope",
            "primary_queue_endpoint": "https://neenacoredevfuncst.queue.core.windows.net/",
            "primary_queue_host": "neenacoredevfuncst.queue.core.windows.net",
            "primary_table_endpoint": "https://neenacoredevfuncst.table.core.windows.net/",
            "primary_table_host": "neenacoredevfuncst.table.core.windows.net",
            "primary_web_endpoint": "https://neenacoredevfuncst.z6.web.core.windows.net/",
            "primary_web_host": "neenacoredevfuncst.z6.web.core.windows.net",
            "public_network_access_enabled": true,
            "queue_encryption_key_type": "Service",
            "queue_properties": [
              {
                "cors_rule": [],
                "hour_metrics": [
                  {
                    "enabled": true,
                    "include_apis": true,
                    "retention_policy_days": 7,
                    "version": "1.0"
                  }
                ],
                "logging": [
                  {
                    "delete": false,
                    "read": false,
                    "retention_policy_days": 0,
                    "version": "1.0",
                    "write": false
                  }
                ],
                "minute_metrics": [
                  {
                    "enabled": false,
                    "include_apis": false,
                    "retention_policy_days": 0,
                    "version": "1.0"
                  }
                ]
              }
            ],
            "resource_group_name": "neena-core-dev-rg",
            "routing": [],
            "sas_policy": [],
            "secondary_access_key": "Q8cWDT5h595w4QimeVFL1uQW4pxSfYw5BN9+Yu47VePSP2/ZQ0kd/aELCEa+iHCrmHseHgocmAGM+ASte2afeQ==",
            "secondary_blob_connection_string": "",
            "secondary_blob_endpoint": null,
            "secondary_blob_host": null,
            "secondary_connection_string": "DefaultEndpointsProtocol=https;AccountName=neenacoredevfuncst;AccountKey=Q8cWDT5h595w4QimeVFL1uQW4pxSfYw5BN9+Yu47VePSP2/ZQ0kd/aELCEa+iHCrmHseHgocmAGM+ASte2afeQ==;EndpointSuffix=core.windows.net",
            "secondary_dfs_endpoint": null,
            "secondary_dfs_host": null,
            "secondary_file_endpoint": null,
            "secondary_file_host": null,
            "secondary_location": "",
            "secondary_queue_endpoint": null,
            "secondary_queue_host": null,
            "secondary_table_endpoint": null,
            "secondary_table_host": null,
            "secondary_web_endpoint": null,
            "secondary_web_host": null,
            "sftp_enabled": false,
            "share_properties": [
              {
                "cors_rule": [],
                "retention_policy": [
                  {
                    "days": 7
                  }
                ],
                "smb": []
              }
            ],
            "shared_access_key_enabled": true,
            "static_website": [],
            "table_encryption_key_type": "Service",
            "tags": {},
            "timeouts": null
          },
          "sensitive_attributes": [],
          "private": "eyJlMmJmYjczMC1lY2FhLTExZTYtOGY4OC0zNDM2M2JjN2M0YzAiOnsiY3JlYXRlIjozNjAwMDAwMDAwMDAwLCJkZWxldGUiOjM2MDAwMDAwMDAwMDAsInJlYWQiOjMwMDAwMDAwMDAwMCwidXBkYXRlIjozNjAwMDAwMDAwMDAwfSwic2NoZW1hX3ZlcnNpb24iOiI0In0=",
          "dependencies": [
            "azurerm_resource_group.rg"
          ]
        }
      ]
    },
    {
      "module": "module.key_vault",
      "mode": "managed",
      "type": "azurerm_key_vault",
      "name": "kv",
      "provider": "provider[\"registry.terraform.io/hashicorp/azurerm\"]",
      "instances": [
        {
          "schema_version": 2,
          "attributes": {
            "access_policy": [
              {
                "application_id": "",
                "certificate_permissions": [
                  "Get",
                  "List",
                  "Update",
                  "Create",
                  "Import",
                  "Delete",
                  "Recover",
                  "Backup",
                  "Restore",
                  "ManageContacts",
                  "ManageIssuers",
                  "GetIssuers",
                  "ListIssuers",
                  "SetIssuers",
                  "DeleteIssuers"
                ],
                "key_permissions": [
                  "Get",
                  "List",
                  "Update",
                  "Create",
                  "Import",
                  "Delete",
                  "Recover",
                  "Backup",
                  "Restore",
                  "GetRotationPolicy",
                  "SetRotationPolicy",
                  "Rotate"
                ],
                "object_id": "b72ef3ec-4659-4a93-8062-637e6b6ac242",
                "secret_permissions": [
                  "Get",
                  "List",
                  "Set",
                  "Delete",
                  "Recover",
                  "Backup",
                  "Restore"
                ],
                "storage_permissions": [],
                "tenant_id": "3468fb09-8781-4717-9e95-d5e3f4c8bc44"
              }
            ],
            "contact": [],
            "enable_rbac_authorization": false,
            "enabled_for_deployment": false,
            "enabled_for_disk_encryption": true,
            "enabled_for_template_deployment": false,
            "id": "/subscriptions/1e4ab811-8a78-413b-8273-26a77a6ad8ef/resourceGroups/neena-core-dev-rg/providers/Microsoft.KeyVault/vaults/neena-core-dev-kv",
            "location": "westeurope",
            "name": "neena-core-dev-kv",
            "network_acls": [
              {
                "bypass": "AzureServices",
                "default_action": "Deny",
                "ip_rules": [],
                "virtual_network_subnet_ids": []
              }
            ],
            "public_network_access_enabled": true,
            "purge_protection_enabled": false,
            "resource_group_name": "neena-core-dev-rg",
            "sku_name": "standard",
            "soft_delete_retention_days": 90,
            "tags": {},
            "tenant_id": "3468fb09-8781-4717-9e95-d5e3f4c8bc44",
            "timeouts": null,
            "vault_uri": "https://neena-core-dev-kv.vault.azure.net/"
          },
          "sensitive_attributes": [],
          "private": "eyJlMmJmYjczMC1lY2FhLTExZTYtOGY4OC0zNDM2M2JjN2M0YzAiOnsiY3JlYXRlIjoxODAwMDAwMDAwMDAwLCJkZWxldGUiOjE4MDAwMDAwMDAwMDAsInJlYWQiOjMwMDAwMDAwMDAwMCwidXBkYXRlIjoxODAwMDAwMDAwMDAwfSwic2NoZW1hX3ZlcnNpb24iOiIyIn0=",
          "dependencies": [
            "azurerm_resource_group.rg"
          ]
        }
      ]
    },
    {
      "module": "module.key_vault",
      "mode": "managed",
      "type": "azurerm_key_vault_access_policy",
      "name": "func_policy",
      "provider": "provider[\"registry.terraform.io/hashicorp/azurerm\"]",
      "instances": [
        {
          "schema_version": 0,
          "attributes": {
            "application_id": null,
            "certificate_permissions": null,
            "id": "/subscriptions/1e4ab811-8a78-413b-8273-26a77a6ad8ef/resourceGroups/neena-core-dev-rg/providers/Microsoft.KeyVault/vaults/neena-core-dev-kv/objectId/0c2c0f6a-3454-4aa5-ad51-cf81f635cc24",
            "key_permissions": null,
            "key_vault_id": "/subscriptions/1e4ab811-8a78-413b-8273-26a77a6ad8ef/resourceGroups/neena-core-dev-rg/providers/Microsoft.KeyVault/vaults/neena-core-dev-kv",
            "object_id": "0c2c0f6a-3454-4aa5-ad51-cf81f635cc24",
            "secret_permissions": [
              "Get"
            ],
            "storage_permissions": null,
            "tenant_id": "3468fb09-8781-4717-9e95-d5e3f4c8bc44",
            "timeouts": null
          },
          "sensitive_attributes": [],
          "private": "eyJlMmJmYjczMC1lY2FhLTExZTYtOGY4OC0zNDM2M2JjN2M0YzAiOnsiY3JlYXRlIjoxODAwMDAwMDAwMDAwLCJkZWxldGUiOjE4MDAwMDAwMDAwMDAsInJlYWQiOjMwMDAwMDAwMDAwMCwidXBkYXRlIjoxODAwMDAwMDAwMDAwfX0=",
          "dependencies": [
            "azurerm_resource_group.rg",
            "module.function_app.azurerm_app_service_plan.funcapp_plan",
            "module.function_app.azurerm_function_app.funcapp",
            "module.function_app.azurerm_storage_account.funcapp_storage",
            "module.key_vault.azurerm_key_vault.kv"
          ]
        }
      ]
    },
    {
      "module": "module.key_vault",
      "mode": "managed",
      "type": "azurerm_key_vault_access_policy",
      "name": "svc_policy",
      "provider": "provider[\"registry.terraform.io/hashicorp/azurerm\"]",
      "instances": [
        {
          "schema_version": 0,
          "attributes": {
            "application_id": null,
            "certificate_permissions": null,
            "id": "/subscriptions/1e4ab811-8a78-413b-8273-26a77a6ad8ef/resourceGroups/neena-core-dev-rg/providers/Microsoft.KeyVault/vaults/neena-core-dev-kv/objectId/bdb33815-4783-44ea-b004-f0d5ab91b409",
            "key_permissions": null,
            "key_vault_id": "/subscriptions/1e4ab811-8a78-413b-8273-26a77a6ad8ef/resourceGroups/neena-core-dev-rg/providers/Microsoft.KeyVault/vaults/neena-core-dev-kv",
            "object_id": "bdb33815-4783-44ea-b004-f0d5ab91b409",
            "secret_permissions": [
              "Get",
              "Set",
              "List",
              "Delete"
            ],
            "storage_permissions": null,
            "tenant_id": "3468fb09-8781-4717-9e95-d5e3f4c8bc44",
            "timeouts": null
          },
          "sensitive_attributes": [],
          "private": "eyJlMmJmYjczMC1lY2FhLTExZTYtOGY4OC0zNDM2M2JjN2M0YzAiOnsiY3JlYXRlIjoxODAwMDAwMDAwMDAwLCJkZWxldGUiOjE4MDAwMDAwMDAwMDAsInJlYWQiOjMwMDAwMDAwMDAwMCwidXBkYXRlIjoxODAwMDAwMDAwMDAwfX0=",
          "dependencies": [
            "module.key_vault.azurerm_key_vault.kv",
            "module.service_app.azurerm_app_service.app_service"
          ]
        }
      ]
    },
    {
      "module": "module.log_analytics_workspace",
      "mode": "managed",
      "type": "azurerm_log_analytics_workspace",
      "name": "law",
      "provider": "provider[\"registry.terraform.io/hashicorp/azurerm\"]",
      "instances": [
        {
          "schema_version": 3,
          "attributes": {
            "allow_resource_only_permissions": true,
            "cmk_for_query_forced": false,
            "daily_quota_gb": -1,
            "data_collection_rule_id": "",
            "id": "/subscriptions/1e4ab811-8a78-413b-8273-26a77a6ad8ef/resourceGroups/neena-core-dev-rg/providers/Microsoft.OperationalInsights/workspaces/neena-core-dev-log",
            "identity": [],
            "internet_ingestion_enabled": true,
            "internet_query_enabled": true,
            "local_authentication_disabled": false,
            "location": "westeurope",
            "name": "neena-core-dev-log",
            "primary_shared_key": "tyqn0fku6a+RbaLmDh+3gARE322jWJYMtP/6vi0ojR0T5CGPlw7pBcXnFCDS1lwlGn8OP7Pu6f2mQ8fHpWjJ/w==",
            "reservation_capacity_in_gb_per_day": null,
            "resource_group_name": "neena-core-dev-rg",
            "retention_in_days": 30,
            "secondary_shared_key": "7jLtFRVyUveOtS1WxeDazWU57UeQa4N73aBdBTI3VeYtb49wAcQtW7FareiwqkZAfQgCPvyLWlU4djeopLJ/gQ==",
            "sku": "PerGB2018",
            "tags": {},
            "timeouts": null,
            "workspace_id": "3a0ab778-5b60-4262-978a-abded6d1cd53"
          },
          "sensitive_attributes": [],
          "private": "eyJlMmJmYjczMC1lY2FhLTExZTYtOGY4OC0zNDM2M2JjN2M0YzAiOnsiY3JlYXRlIjoxODAwMDAwMDAwMDAwLCJkZWxldGUiOjE4MDAwMDAwMDAwMDAsInJlYWQiOjMwMDAwMDAwMDAwMCwidXBkYXRlIjoxODAwMDAwMDAwMDAwfSwic2NoZW1hX3ZlcnNpb24iOiIzIn0=",
          "dependencies": [
            "azurerm_resource_group.rg"
          ]
        }
      ]
    },
    {
      "module": "module.postgresql",
      "mode": "managed",
      "type": "azurerm_postgresql_database",
      "name": "psql_db",
      "provider": "provider[\"registry.terraform.io/hashicorp/azurerm\"]",
      "instances": []
    },
    {
      "module": "module.postgresql",
      "mode": "managed",
      "type": "azurerm_role_assignment",
      "name": "func_db_access",
      "provider": "provider[\"registry.terraform.io/hashicorp/azurerm\"]",
      "instances": []
    },
    {
      "module": "module.postgresql",
      "mode": "managed",
      "type": "azurerm_role_assignment",
      "name": "service_app_db_access",
      "provider": "provider[\"registry.terraform.io/hashicorp/azurerm\"]",
      "instances": []
    },
    {
      "module": "module.service_app",
      "mode": "managed",
      "type": "azurerm_app_service",
      "name": "app_service",
      "provider": "provider[\"registry.terraform.io/hashicorp/azurerm\"]",
      "instances": [
        {
          "schema_version": 0,
          "attributes": {
            "app_service_plan_id": "/subscriptions/1e4ab811-8a78-413b-8273-26a77a6ad8ef/resourceGroups/neena-core-dev-rg/providers/Microsoft.Web/serverfarms/neena-core-dev-svc-asp",
            "app_settings": {
              "SOME_KEY": "some-value"
            },
            "auth_settings": [
              {
                "active_directory": [],
                "additional_login_params": {},
                "allowed_external_redirect_urls": [],
                "default_provider": "",
                "enabled": false,
                "facebook": [],
                "google": [],
                "issuer": "",
                "microsoft": [],
                "runtime_version": "",
                "token_refresh_extension_hours": 0,
                "token_store_enabled": false,
                "twitter": [],
                "unauthenticated_client_action": ""
              }
            ],
            "backup": [],
            "client_affinity_enabled": false,
            "client_cert_enabled": false,
            "client_cert_mode": "Required",
            "connection_string": [],
            "custom_domain_verification_id": "4108E782A71D07CB85D2D1C06D3D2E13A253F9844F8D45B9AA1768CAD3676BC2",
            "default_site_hostname": "neena-core-dev-svc.azurewebsites.net",
            "enabled": true,
            "https_only": false,
            "id": "/subscriptions/1e4ab811-8a78-413b-8273-26a77a6ad8ef/resourceGroups/neena-core-dev-rg/providers/Microsoft.Web/sites/neena-core-dev-svc",
            "identity": [
              {
                "identity_ids": [],
                "principal_id": "bdb33815-4783-44ea-b004-f0d5ab91b409",
                "tenant_id": "3468fb09-8781-4717-9e95-d5e3f4c8bc44",
                "type": "SystemAssigned"
              }
            ],
            "key_vault_reference_identity_id": "SystemAssigned",
            "location": "westeurope",
            "logs": [
              {
                "application_logs": [
                  {
                    "azure_blob_storage": [],
                    "file_system_level": "Off"
                  }
                ],
                "detailed_error_messages_enabled": false,
                "failed_request_tracing_enabled": false,
                "http_logs": [
                  {
                    "azure_blob_storage": [],
                    "file_system": []
                  }
                ]
              }
            ],
            "name": "neena-core-dev-svc",
            "outbound_ip_address_list": [
              "51.124.88.159",
              "20.50.253.190",
              "20.50.254.255",
              "52.143.5.71",
              "20.50.255.137",
              "20.50.255.176",
              "20.50.2.13"
            ],
            "outbound_ip_addresses": "51.124.88.159,20.50.253.190,20.50.254.255,52.143.5.71,20.50.255.137,20.50.255.176,20.50.2.13",
            "possible_outbound_ip_address_list": [
              "51.124.88.159",
              "20.50.253.190",
              "20.50.254.255",
              "52.143.5.71",
              "20.50.255.137",
              "20.50.255.176",
              "52.143.5.148",
              "20.50.255.211",
              "20.54.216.1",
              "20.54.216.113",
              "20.54.216.236",
              "20.54.216.244",
              "20.54.217.89",
              "20.54.217.102",
              "20.54.217.162",
              "20.50.255.109",
              "20.54.217.184",
              "20.54.217.197",
              "20.54.218.36",
              "20.54.218.66",
              "51.124.139.38",
              "20.54.218.71",
              "20.54.218.104",
              "52.143.0.117",
              "20.54.218.240",
              "20.54.219.47",
              "20.54.219.75",
              "20.76.10.82",
              "20.76.10.95",
              "20.76.10.139",
              "20.50.2.13"
            ],
            "possible_outbound_ip_addresses": "51.124.88.159,20.50.253.190,20.50.254.255,52.143.5.71,20.50.255.137,20.50.255.176,52.143.5.148,20.50.255.211,20.54.216.1,20.54.216.113,20.54.216.236,20.54.216.244,20.54.217.89,20.54.217.102,20.54.217.162,20.50.255.109,20.54.217.184,20.54.217.197,20.54.218.36,20.54.218.66,51.124.139.38,20.54.218.71,20.54.218.104,52.143.0.117,20.54.218.240,20.54.219.47,20.54.219.75,20.76.10.82,20.76.10.95,20.76.10.139,20.50.2.13",
            "resource_group_name": "neena-core-dev-rg",
            "site_config": [
              {
                "acr_use_managed_identity_credentials": false,
                "acr_user_managed_identity_client_id": "",
                "always_on": false,
                "app_command_line": "",
                "auto_swap_slot_name": "",
                "cors": [
                  {
                    "allowed_origins": [],
                    "support_credentials": false
                  }
                ],
                "default_documents": [],
                "dotnet_framework_version": "v4.0",
                "ftps_state": "FtpsOnly",
                "health_check_path": "",
                "http2_enabled": false,
                "ip_restriction": [],
                "java_container": "",
                "java_container_version": "",
                "java_version": "",
                "linux_fx_version": "",
                "local_mysql_enabled": false,
                "managed_pipeline_mode": "Integrated",
                "min_tls_version": "1.2",
                "number_of_workers": 1,
                "php_version": "",
                "python_version": "",
                "remote_debugging_enabled": false,
                "remote_debugging_version": "VS2019",
                "scm_ip_restriction": [],
                "scm_type": "LocalGit",
                "scm_use_main_ip_restriction": false,
                "use_32_bit_worker_process": false,
                "vnet_route_all_enabled": false,
                "websockets_enabled": false,
                "windows_fx_version": ""
              }
            ],
            "site_credential": [
              {
                "password": "xaJmNxCs0pqWrx31ybWGliSj9bSb0eDQNsYsQbKecpLl5oFo8gH585vGL4Q7",
                "username": "$neena-core-dev-svc"
              }
            ],
            "source_control": [
              {
                "branch": "main",
                "manual_integration": false,
                "repo_url": "https://neena-core-dev-svc.scm.azurewebsites.net",
                "rollback_enabled": false,
                "use_mercurial": false
              }
            ],
            "storage_account": [],
            "tags": {},
            "timeouts": null
          },
          "sensitive_attributes": [],
          "private": "eyJlMmJmYjczMC1lY2FhLTExZTYtOGY4OC0zNDM2M2JjN2M0YzAiOnsiY3JlYXRlIjoxODAwMDAwMDAwMDAwLCJkZWxldGUiOjE4MDAwMDAwMDAwMDAsInJlYWQiOjMwMDAwMDAwMDAwMCwidXBkYXRlIjoxODAwMDAwMDAwMDAwfX0=",
          "dependencies": [
            "azurerm_resource_group.rg",
            "module.service_app.azurerm_app_service_plan.app_service_plan"
          ]
        }
      ]
    },
    {
      "module": "module.service_app",
      "mode": "managed",
      "type": "azurerm_app_service_plan",
      "name": "app_service_plan",
      "provider": "provider[\"registry.terraform.io/hashicorp/azurerm\"]",
      "instances": [
        {
          "schema_version": 0,
          "attributes": {
            "app_service_environment_id": "",
            "id": "/subscriptions/1e4ab811-8a78-413b-8273-26a77a6ad8ef/resourceGroups/neena-core-dev-rg/providers/Microsoft.Web/serverfarms/neena-core-dev-svc-asp",
            "is_xenon": false,
            "kind": "Windows",
            "location": "westeurope",
            "maximum_elastic_worker_count": 1,
            "maximum_number_of_workers": 10,
            "name": "neena-core-dev-svc-asp",
            "per_site_scaling": false,
            "reserved": false,
            "resource_group_name": "neena-core-dev-rg",
            "sku": [
              {
                "capacity": 1,
                "size": "S1",
                "tier": "Standard"
              }
            ],
            "tags": {},
            "timeouts": null,
            "zone_redundant": false
          },
          "sensitive_attributes": [],
          "private": "eyJlMmJmYjczMC1lY2FhLTExZTYtOGY4OC0zNDM2M2JjN2M0YzAiOnsiY3JlYXRlIjozNjAwMDAwMDAwMDAwLCJkZWxldGUiOjM2MDAwMDAwMDAwMDAsInJlYWQiOjMwMDAwMDAwMDAwMCwidXBkYXRlIjozNjAwMDAwMDAwMDAwfX0=",
          "dependencies": [
            "azurerm_resource_group.rg"
          ]
        }
      ]
    },
    {
      "module": "module.service_app",
      "mode": "managed",
      "type": "azurerm_monitor_diagnostic_setting",
      "name": "app_service_diagnostic",
      "provider": "provider[\"registry.terraform.io/hashicorp/azurerm\"]",
      "instances": [
        {
          "schema_version": 0,
          "attributes": {
            "enabled_log": [
              {
                "category": "AppServiceHTTPLogs",
                "category_group": "",
                "retention_policy": [
                  {
                    "days": 0,
                    "enabled": false
                  }
                ]
              }
            ],
            "eventhub_authorization_rule_id": "",
            "eventhub_name": "",
            "id": "/subscriptions/1e4ab811-8a78-413b-8273-26a77a6ad8ef/resourceGroups/neena-core-dev-rg/providers/Microsoft.Web/sites/neena-core-dev-svc|neena-core-dev-svc-diagnostics",
            "log": [
              {
                "category": "AppServiceAppLogs",
                "category_group": "",
                "enabled": false,
                "retention_policy": [
                  {
                    "days": 0,
                    "enabled": false
                  }
                ]
              },
              {
                "category": "AppServiceAuditLogs",
                "category_group": "",
                "enabled": false,
                "retention_policy": [
                  {
                    "days": 0,
                    "enabled": false
                  }
                ]
              },
              {
                "category": "AppServiceConsoleLogs",
                "category_group": "",
                "enabled": false,
                "retention_policy": [
                  {
                    "days": 0,
                    "enabled": false
                  }
                ]
              },
              {
                "category": "AppServiceHTTPLogs",
                "category_group": "",
                "enabled": true,
                "retention_policy": [
                  {
                    "days": 0,
                    "enabled": false
                  }
                ]
              },
              {
                "category": "AppServiceIPSecAuditLogs",
                "category_group": "",
                "enabled": false,
                "retention_policy": [
                  {
                    "days": 0,
                    "enabled": false
                  }
                ]
              },
              {
                "category": "AppServicePlatformLogs",
                "category_group": "",
                "enabled": false,
                "retention_policy": [
                  {
                    "days": 0,
                    "enabled": false
                  }
                ]
              }
            ],
            "log_analytics_destination_type": "",
            "log_analytics_workspace_id": "/subscriptions/1e4ab811-8a78-413b-8273-26a77a6ad8ef/resourceGroups/neena-core-dev-rg/providers/Microsoft.OperationalInsights/workspaces/neena-core-dev-log",
            "metric": [
              {
                "category": "AllMetrics",
                "enabled": true,
                "retention_policy": [
                  {
                    "days": 0,
                    "enabled": false
                  }
                ]
              }
            ],
            "name": "neena-core-dev-svc-diagnostics",
            "partner_solution_id": null,
            "storage_account_id": null,
            "target_resource_id": "/subscriptions/1e4ab811-8a78-413b-8273-26a77a6ad8ef/resourceGroups/neena-core-dev-rg/providers/Microsoft.Web/sites/neena-core-dev-svc",
            "timeouts": null
          },
          "sensitive_attributes": [],
          "private": "eyJlMmJmYjczMC1lY2FhLTExZTYtOGY4OC0zNDM2M2JjN2M0YzAiOnsiY3JlYXRlIjoxODAwMDAwMDAwMDAwLCJkZWxldGUiOjM2MDAwMDAwMDAwMDAsInJlYWQiOjMwMDAwMDAwMDAwMCwidXBkYXRlIjoxODAwMDAwMDAwMDAwfX0=",
          "dependencies": [
            "azurerm_resource_group.rg",
            "module.log_analytics_workspace.azurerm_log_analytics_workspace.law",
            "module.service_app.azurerm_app_service.app_service",
            "module.service_app.azurerm_app_service_plan.app_service_plan"
          ]
        }
      ]
    },
    {
      "module": "module.service_app",
      "mode": "managed",
      "type": "azurerm_role_assignment",
      "name": "function_to_app_service",
      "provider": "provider[\"registry.terraform.io/hashicorp/azurerm\"]",
      "instances": [
        {
          "schema_version": 0,
          "attributes": {
            "condition": "",
            "condition_version": "",
            "delegated_managed_identity_resource_id": "",
            "description": "",
            "id": "/subscriptions/1e4ab811-8a78-413b-8273-26a77a6ad8ef/resourceGroups/neena-core-dev-rg/providers/Microsoft.Web/sites/neena-core-dev-svc/providers/Microsoft.Authorization/roleAssignments/711c1ea6-dbb1-ce60-726a-872e40c4ef2b",
            "name": "711c1ea6-dbb1-ce60-726a-872e40c4ef2b",
            "principal_id": "0c2c0f6a-3454-4aa5-ad51-cf81f635cc24",
            "principal_type": "ServicePrincipal",
            "role_definition_id": "/subscriptions/1e4ab811-8a78-413b-8273-26a77a6ad8ef/providers/Microsoft.Authorization/roleDefinitions/b24988ac-6180-42a0-ab88-20f7382dd24c",
            "role_definition_name": "Contributor",
            "scope": "/subscriptions/1e4ab811-8a78-413b-8273-26a77a6ad8ef/resourceGroups/neena-core-dev-rg/providers/Microsoft.Web/sites/neena-core-dev-svc",
            "skip_service_principal_aad_check": null,
            "timeouts": null
          },
          "sensitive_attributes": [],
          "private": "eyJlMmJmYjczMC1lY2FhLTExZTYtOGY4OC0zNDM2M2JjN2M0YzAiOnsiY3JlYXRlIjoxODAwMDAwMDAwMDAwLCJkZWxldGUiOjE4MDAwMDAwMDAwMDAsInJlYWQiOjMwMDAwMDAwMDAwMH19",
          "dependencies": [
            "azurerm_resource_group.rg",
            "module.function_app.azurerm_app_service_plan.funcapp_plan",
            "module.function_app.azurerm_function_app.funcapp",
            "module.function_app.azurerm_storage_account.funcapp_storage",
            "module.service_app.azurerm_app_service.app_service"
          ]
        }
      ]
    },
    {
      "module": "module.service_app",
      "mode": "managed",
      "type": "azurerm_role_assignment",
      "name": "service_app_sami_role",
      "provider": "provider[\"registry.terraform.io/hashicorp/azurerm\"]",
      "instances": [
        {
          "schema_version": 0,
          "attributes": {
            "condition": "",
            "condition_version": "",
            "delegated_managed_identity_resource_id": "",
            "description": "",
            "id": "/subscriptions/1e4ab811-8a78-413b-8273-26a77a6ad8ef/resourceGroups/neena-core-dev-rg/providers/Microsoft.Web/sites/neena-core-dev-svc/providers/Microsoft.Authorization/roleAssignments/f013c42c-4dde-00b2-f300-a692b45025ba",
            "name": "f013c42c-4dde-00b2-f300-a692b45025ba",
            "principal_id": "bdb33815-4783-44ea-b004-f0d5ab91b409",
            "principal_type": "ServicePrincipal",
            "role_definition_id": "/subscriptions/1e4ab811-8a78-413b-8273-26a77a6ad8ef/providers/Microsoft.Authorization/roleDefinitions/b24988ac-6180-42a0-ab88-20f7382dd24c",
            "role_definition_name": "Contributor",
            "scope": "/subscriptions/1e4ab811-8a78-413b-8273-26a77a6ad8ef/resourceGroups/neena-core-dev-rg/providers/Microsoft.Web/sites/neena-core-dev-svc",
            "skip_service_principal_aad_check": null,
            "timeouts": null
          },
          "sensitive_attributes": [],
          "private": "eyJlMmJmYjczMC1lY2FhLTExZTYtOGY4OC0zNDM2M2JjN2M0YzAiOnsiY3JlYXRlIjoxODAwMDAwMDAwMDAwLCJkZWxldGUiOjE4MDAwMDAwMDAwMDAsInJlYWQiOjMwMDAwMDAwMDAwMH19",
          "dependencies": [
            "azurerm_resource_group.rg",
            "module.service_app.azurerm_app_service.app_service",
            "module.service_app.azurerm_app_service_plan.app_service_plan"
          ]
        }
      ]
    },
    {
      "module": "module.static_website",
      "mode": "managed",
      "type": "azurerm_storage_account",
      "name": "website",
      "provider": "provider[\"registry.terraform.io/hashicorp/azurerm\"]",
      "instances": [
        {
          "schema_version": 4,
          "attributes": {
            "access_tier": "Hot",
            "account_kind": "StorageV2",
            "account_replication_type": "LRS",
            "account_tier": "Standard",
            "allow_nested_items_to_be_public": true,
            "allowed_copy_scope": "",
            "azure_files_authentication": [],
            "blob_properties": [
              {
                "change_feed_enabled": false,
                "change_feed_retention_in_days": 0,
                "container_delete_retention_policy": [],
                "cors_rule": [],
                "default_service_version": "",
                "delete_retention_policy": [],
                "last_access_time_enabled": false,
                "restore_policy": [],
                "versioning_enabled": false
              }
            ],
            "cross_tenant_replication_enabled": true,
            "custom_domain": [],
            "customer_managed_key": [],
            "default_to_oauth_authentication": false,
            "edge_zone": "",
            "enable_https_traffic_only": true,
            "id": "/subscriptions/1e4ab811-8a78-413b-8273-26a77a6ad8ef/resourceGroups/neena-core-dev-rg/providers/Microsoft.Storage/storageAccounts/neenacoredevwebst",
            "identity": [],
            "immutability_policy": [],
            "infrastructure_encryption_enabled": false,
            "is_hns_enabled": false,
            "large_file_share_enabled": null,
            "location": "westeurope",
            "min_tls_version": "TLS1_2",
            "name": "neenacoredevwebst",
            "network_rules": [
              {
                "bypass": [
                  "AzureServices"
                ],
                "default_action": "Allow",
                "ip_rules": [],
                "private_link_access": [],
                "virtual_network_subnet_ids": []
              }
            ],
            "nfsv3_enabled": false,
            "primary_access_key": "FUv31CtAdjUjQ5ugzu2cay6Ag0WBqcaF6+KO2DAML0yiySPIVvHfFe6xRjKYvYXopGvaw6XOPHbn+AStAAMywQ==",
            "primary_blob_connection_string": "DefaultEndpointsProtocol=https;BlobEndpoint=https://neenacoredevwebst.blob.core.windows.net/;AccountName=neenacoredevwebst;AccountKey=FUv31CtAdjUjQ5ugzu2cay6Ag0WBqcaF6+KO2DAML0yiySPIVvHfFe6xRjKYvYXopGvaw6XOPHbn+AStAAMywQ==",
            "primary_blob_endpoint": "https://neenacoredevwebst.blob.core.windows.net/",
            "primary_blob_host": "neenacoredevwebst.blob.core.windows.net",
            "primary_connection_string": "DefaultEndpointsProtocol=https;AccountName=neenacoredevwebst;AccountKey=FUv31CtAdjUjQ5ugzu2cay6Ag0WBqcaF6+KO2DAML0yiySPIVvHfFe6xRjKYvYXopGvaw6XOPHbn+AStAAMywQ==;EndpointSuffix=core.windows.net",
            "primary_dfs_endpoint": "https://neenacoredevwebst.dfs.core.windows.net/",
            "primary_dfs_host": "neenacoredevwebst.dfs.core.windows.net",
            "primary_file_endpoint": "https://neenacoredevwebst.file.core.windows.net/",
            "primary_file_host": "neenacoredevwebst.file.core.windows.net",
            "primary_location": "westeurope",
            "primary_queue_endpoint": "https://neenacoredevwebst.queue.core.windows.net/",
            "primary_queue_host": "neenacoredevwebst.queue.core.windows.net",
            "primary_table_endpoint": "https://neenacoredevwebst.table.core.windows.net/",
            "primary_table_host": "neenacoredevwebst.table.core.windows.net",
            "primary_web_endpoint": "https://neenacoredevwebst.z6.web.core.windows.net/",
            "primary_web_host": "neenacoredevwebst.z6.web.core.windows.net",
            "public_network_access_enabled": true,
            "queue_encryption_key_type": "Service",
            "queue_properties": [
              {
                "cors_rule": [],
                "hour_metrics": [
                  {
                    "enabled": true,
                    "include_apis": true,
                    "retention_policy_days": 7,
                    "version": "1.0"
                  }
                ],
                "logging": [
                  {
                    "delete": false,
                    "read": false,
                    "retention_policy_days": 0,
                    "version": "1.0",
                    "write": false
                  }
                ],
                "minute_metrics": [
                  {
                    "enabled": false,
                    "include_apis": false,
                    "retention_policy_days": 0,
                    "version": "1.0"
                  }
                ]
              }
            ],
            "resource_group_name": "neena-core-dev-rg",
            "routing": [],
            "sas_policy": [],
            "secondary_access_key": "vCUP2mYjQqoFBQK05imfWJISHycqa9OOKANxzdvQU/rOLK+4J1z/zpB2jkSXHR2ZBN15Fi7LhrBs+AStwkUmFg==",
            "secondary_blob_connection_string": "",
            "secondary_blob_endpoint": null,
            "secondary_blob_host": null,
            "secondary_connection_string": "DefaultEndpointsProtocol=https;AccountName=neenacoredevwebst;AccountKey=vCUP2mYjQqoFBQK05imfWJISHycqa9OOKANxzdvQU/rOLK+4J1z/zpB2jkSXHR2ZBN15Fi7LhrBs+AStwkUmFg==;EndpointSuffix=core.windows.net",
            "secondary_dfs_endpoint": null,
            "secondary_dfs_host": null,
            "secondary_file_endpoint": null,
            "secondary_file_host": null,
            "secondary_location": "",
            "secondary_queue_endpoint": null,
            "secondary_queue_host": null,
            "secondary_table_endpoint": null,
            "secondary_table_host": null,
            "secondary_web_endpoint": null,
            "secondary_web_host": null,
            "sftp_enabled": false,
            "share_properties": [
              {
                "cors_rule": [],
                "retention_policy": [
                  {
                    "days": 7
                  }
                ],
                "smb": []
              }
            ],
            "shared_access_key_enabled": true,
            "static_website": [
              {
                "error_404_document": "404.html",
                "index_document": "index.html"
              }
            ],
            "table_encryption_key_type": "Service",
            "tags": null,
            "timeouts": null
          },
          "sensitive_attributes": [],
          "private": "eyJlMmJmYjczMC1lY2FhLTExZTYtOGY4OC0zNDM2M2JjN2M0YzAiOnsiY3JlYXRlIjozNjAwMDAwMDAwMDAwLCJkZWxldGUiOjM2MDAwMDAwMDAwMDAsInJlYWQiOjMwMDAwMDAwMDAwMCwidXBkYXRlIjozNjAwMDAwMDAwMDAwfSwic2NoZW1hX3ZlcnNpb24iOiI0In0=",
          "dependencies": [
            "azurerm_resource_group.rg"
          ]
        }
      ]
    }
  ],
  "check_results": null
}
